// !$*UTF8*$!
{
	archiveVersion = 1;
	classes = {
	};
	objectVersion = 46;
	objects = {

/* Begin PBXBuildFile section */
		2418FD151B26798500AD9741 /* main.m in Sources */ = {isa = PBXBuildFile; fileRef = 2418FD141B26798500AD9741 /* main.m */; };
		2418FD181B26798500AD9741 /* AppDelegate.m in Sources */ = {isa = PBXBuildFile; fileRef = 2418FD171B26798500AD9741 /* AppDelegate.m */; };
		2418FD1B1B26798500AD9741 /* ViewController.m in Sources */ = {isa = PBXBuildFile; fileRef = 2418FD1A1B26798500AD9741 /* ViewController.m */; };
		2418FD1E1B26798500AD9741 /* Main.storyboard in Resources */ = {isa = PBXBuildFile; fileRef = 2418FD1C1B26798500AD9741 /* Main.storyboard */; };
		2418FD201B26798500AD9741 /* Images.xcassets in Resources */ = {isa = PBXBuildFile; fileRef = 2418FD1F1B26798500AD9741 /* Images.xcassets */; };
		2418FD231B26798500AD9741 /* LaunchScreen.xib in Resources */ = {isa = PBXBuildFile; fileRef = 2418FD211B26798500AD9741 /* LaunchScreen.xib */; };
		2418FD2F1B26798500AD9741 /* __9_UI_ClassTests.m in Sources */ = {isa = PBXBuildFile; fileRef = 2418FD2E1B26798500AD9741 /* __9_UI_ClassTests.m */; };
		2418FD4C1B2691FF00AD9741 /* DetailViewController.m in Sources */ = {isa = PBXBuildFile; fileRef = 2418FD4B1B2691FF00AD9741 /* DetailViewController.m */; };
		246F5EA01B26F77300A4D508 /* 2.jpg in Resources */ = {isa = PBXBuildFile; fileRef = 246F5E9F1B26F77300A4D508 /* 2.jpg */; };
		246F5EA41B26F77F00A4D508 /* 3.jpg in Resources */ = {isa = PBXBuildFile; fileRef = 246F5EA31B26F77F00A4D508 /* 3.jpg */; };
		246F5EA61B26F78300A4D508 /* 1.jpg in Resources */ = {isa = PBXBuildFile; fileRef = 246F5EA51B26F78300A4D508 /* 1.jpg */; };
		246F5EA81B26F78700A4D508 /* 4.jpg in Resources */ = {isa = PBXBuildFile; fileRef = 246F5EA71B26F78700A4D508 /* 4.jpg */; };
		246F5EB41B26F8E000A4D508 /* 0.jpg in Resources */ = {isa = PBXBuildFile; fileRef = 246F5EB31B26F8E000A4D508 /* 0.jpg */; };
/* End PBXBuildFile section */

/* Begin PBXContainerItemProxy section */
		2418FD291B26798500AD9741 /* PBXContainerItemProxy */ = {
			isa = PBXContainerItemProxy;
			containerPortal = 2418FD071B26798500AD9741 /* Project object */;
			proxyType = 1;
			remoteGlobalIDString = 2418FD0E1B26798500AD9741;
			remoteInfo = 6.9_UI_Class;
		};
/* End PBXContainerItemProxy section */

/* Begin PBXFileReference section */
		2418FD0F1B26798500AD9741 /* 6.9_UI_Class.app */ = {isa = PBXFileReference; explicitFileType = wrapper.application; includeInIndex = 0; path = 6.9_UI_Class.app; sourceTree = BUILT_PRODUCTS_DIR; };
		2418FD131B26798500AD9741 /* Info.plist */ = {isa = PBXFileReference; lastKnownFileType = text.plist.xml; path = Info.plist; sourceTree = "<group>"; };
		2418FD141B26798500AD9741 /* main.m */ = {isa = PBXFileReference; lastKnownFileType = sourcecode.c.objc; path = main.m; sourceTree = "<group>"; };
		2418FD161B26798500AD9741 /* AppDelegate.h */ = {isa = PBXFileReference; lastKnownFileType = sourcecode.c.h; path = AppDelegate.h; sourceTree = "<group>"; };
		2418FD171B26798500AD9741 /* AppDelegate.m */ = {isa = PBXFileReference; lastKnownFileType = sourcecode.c.objc; path = AppDelegate.m; sourceTree = "<group>"; };
		2418FD191B26798500AD9741 /* ViewController.h */ = {isa = PBXFileReference; lastKnownFileType = sourcecode.c.h; path = ViewController.h; sourceTree = "<group>"; };
		2418FD1A1B26798500AD9741 /* ViewController.m */ = {isa = PBXFileReference; lastKnownFileType = sourcecode.c.objc; path = ViewController.m; sourceTree = "<group>"; };
		2418FD1D1B26798500AD9741 /* Base */ = {isa = PBXFileReference; lastKnownFileType = file.storyboard; name = Base; path = Base.lproj/Main.storyboard; sourceTree = "<group>"; };
		2418FD1F1B26798500AD9741 /* Images.xcassets */ = {isa = PBXFileReference; lastKnownFileType = folder.assetcatalog; path = Images.xcassets; sourceTree = "<group>"; };
		2418FD221B26798500AD9741 /* Base */ = {isa = PBXFileReference; lastKnownFileType = file.xib; name = Base; path = Base.lproj/LaunchScreen.xib; sourceTree = "<group>"; };
		2418FD281B26798500AD9741 /* 6.9_UI_ClassTests.xctest */ = {isa = PBXFileReference; explicitFileType = wrapper.cfbundle; includeInIndex = 0; path = 6.9_UI_ClassTests.xctest; sourceTree = BUILT_PRODUCTS_DIR; };
		2418FD2D1B26798500AD9741 /* Info.plist */ = {isa = PBXFileReference; lastKnownFileType = text.plist.xml; path = Info.plist; sourceTree = "<group>"; };
		2418FD2E1B26798500AD9741 /* __9_UI_ClassTests.m */ = {isa = PBXFileReference; lastKnownFileType = sourcecode.c.objc; path = __9_UI_ClassTests.m; sourceTree = "<group>"; };
		2418FD4A1B2691FF00AD9741 /* DetailViewController.h */ = {isa = PBXFileReference; fileEncoding = 4; lastKnownFileType = sourcecode.c.h; path = DetailViewController.h; sourceTree = "<group>"; };
		2418FD4B1B2691FF00AD9741 /* DetailViewController.m */ = {isa = PBXFileReference; fileEncoding = 4; lastKnownFileType = sourcecode.c.objc; path = DetailViewController.m; sourceTree = "<group>"; };
		246F5E9F1B26F77300A4D508 /* 2.jpg */ = {isa = PBXFileReference; lastKnownFileType = image.jpeg; path = 2.jpg; sourceTree = "<group>"; };
		246F5EA31B26F77F00A4D508 /* 3.jpg */ = {isa = PBXFileReference; lastKnownFileType = image.jpeg; path = 3.jpg; sourceTree = "<group>"; };
		246F5EA51B26F78300A4D508 /* 1.jpg */ = {isa = PBXFileReference; lastKnownFileType = image.jpeg; path = 1.jpg; sourceTree = "<group>"; };
		246F5EA71B26F78700A4D508 /* 4.jpg */ = {isa = PBXFileReference; lastKnownFileType = image.jpeg; path = 4.jpg; sourceTree = "<group>"; };
		246F5EB31B26F8E000A4D508 /* 0.jpg */ = {isa = PBXFileReference; lastKnownFileType = image.jpeg; path = 0.jpg; sourceTree = "<group>"; };
/* End PBXFileReference section */

/* Begin PBXFrameworksBuildPhase section */
		2418FD0C1B26798500AD9741 /* Frameworks */ = {
			isa = PBXFrameworksBuildPhase;
			buildActionMask = 2147483647;
			files = (
			);
			runOnlyForDeploymentPostprocessing = 0;
		};
		2418FD251B26798500AD9741 /* Frameworks */ = {
			isa = PBXFrameworksBuildPhase;
			buildActionMask = 2147483647;
			files = (
			);
			runOnlyForDeploymentPostprocessing = 0;
		};
/* End PBXFrameworksBuildPhase section */

/* Begin PBXGroup section */
		2418FD061B26798500AD9741 = {
			isa = PBXGroup;
			children = (
				2418FD111B26798500AD9741 /* 6.9_UI_Class */,
				2418FD2B1B26798500AD9741 /* 6.9_UI_ClassTests */,
				2418FD101B26798500AD9741 /* Products */,
			);
			sourceTree = "<group>";
		};
		2418FD101B26798500AD9741 /* Products */ = {
			isa = PBXGroup;
			children = (
				2418FD0F1B26798500AD9741 /* 6.9_UI_Class.app */,
				2418FD281B26798500AD9741 /* 6.9_UI_ClassTests.xctest */,
			);
			name = Products;
			sourceTree = "<group>";
		};
		2418FD111B26798500AD9741 /* 6.9_UI_Class */ = {
			isa = PBXGroup;
			children = (
				2418FD381B267BAE00AD9741 /* L06-Resource */,
				2418FD161B26798500AD9741 /* AppDelegate.h */,
				2418FD171B26798500AD9741 /* AppDelegate.m */,
				2418FD191B26798500AD9741 /* ViewController.h */,
				2418FD1A1B26798500AD9741 /* ViewController.m */,
				2418FD4A1B2691FF00AD9741 /* DetailViewController.h */,
				2418FD4B1B2691FF00AD9741 /* DetailViewController.m */,
				2418FD1C1B26798500AD9741 /* Main.storyboard */,
				2418FD1F1B26798500AD9741 /* Images.xcassets */,
				2418FD211B26798500AD9741 /* LaunchScreen.xib */,
				2418FD121B26798500AD9741 /* Supporting Files */,
			);
			path = 6.9_UI_Class;
			sourceTree = "<group>";
		};
		2418FD121B26798500AD9741 /* Supporting Files */ = {
			isa = PBXGroup;
			children = (
				2418FD131B26798500AD9741 /* Info.plist */,
				2418FD141B26798500AD9741 /* main.m */,
			);
			name = "Supporting Files";
			sourceTree = "<group>";
		};
		2418FD2B1B26798500AD9741 /* 6.9_UI_ClassTests */ = {
			isa = PBXGroup;
			children = (
				2418FD2E1B26798500AD9741 /* __9_UI_ClassTests.m */,
				2418FD2C1B26798500AD9741 /* Supporting Files */,
			);
			path = 6.9_UI_ClassTests;
			sourceTree = "<group>";
		};
		2418FD2C1B26798500AD9741 /* Supporting Files */ = {
			isa = PBXGroup;
			children = (
				2418FD2D1B26798500AD9741 /* Info.plist */,
			);
			name = "Supporting Files";
			sourceTree = "<group>";
		};
		2418FD381B267BAE00AD9741 /* L06-Resource */ = {
			isa = PBXGroup;
			children = (
				2418FD391B267BAE00AD9741 /* images */,
			);
			path = "L06-Resource";
			sourceTree = "<group>";
		};
		2418FD391B267BAE00AD9741 /* images */ = {
			isa = PBXGroup;
			children = (
				246F5EB31B26F8E000A4D508 /* 0.jpg */,
				246F5EA51B26F78300A4D508 /* 1.jpg */,
				246F5E9F1B26F77300A4D508 /* 2.jpg */,
				246F5EA31B26F77F00A4D508 /* 3.jpg */,
				246F5EA71B26F78700A4D508 /* 4.jpg */,
			);
			path = images;
			sourceTree = "<group>";
		};
/* End PBXGroup section */

/* Begin PBXNativeTarget section */
		2418FD0E1B26798500AD9741 /* 6.9_UI_Class */ = {
			isa = PBXNativeTarget;
			buildConfigurationList = 2418FD321B26798500AD9741 /* Build configuration list for PBXNativeTarget "6.9_UI_Class" */;
			buildPhases = (
				2418FD0B1B26798500AD9741 /* Sources */,
				2418FD0C1B26798500AD9741 /* Frameworks */,
				2418FD0D1B26798500AD9741 /* Resources */,
			);
			buildRules = (
			);
			dependencies = (
			);
			name = 6.9_UI_Class;
			productName = 6.9_UI_Class;
			productReference = 2418FD0F1B26798500AD9741 /* 6.9_UI_Class.app */;
			productType = "com.apple.product-type.application";
		};
		2418FD271B26798500AD9741 /* 6.9_UI_ClassTests */ = {
			isa = PBXNativeTarget;
			buildConfigurationList = 2418FD351B26798500AD9741 /* Build configuration list for PBXNativeTarget "6.9_UI_ClassTests" */;
			buildPhases = (
				2418FD241B26798500AD9741 /* Sources */,
				2418FD251B26798500AD9741 /* Frameworks */,
				2418FD261B26798500AD9741 /* Resources */,
			);
			buildRules = (
			);
			dependencies = (
				2418FD2A1B26798500AD9741 /* PBXTargetDependency */,
			);
			name = 6.9_UI_ClassTests;
			productName = 6.9_UI_ClassTests;
			productReference = 2418FD281B26798500AD9741 /* 6.9_UI_ClassTests.xctest */;
			productType = "com.apple.product-type.bundle.unit-test";
		};
/* End PBXNativeTarget section */

/* Begin PBXProject section */
		2418FD071B26798500AD9741 /* Project object */ = {
			isa = PBXProject;
			attributes = {
				LastUpgradeCheck = 0630;
				ORGANIZATIONNAME = rectinajh;
				TargetAttributes = {
					2418FD0E1B26798500AD9741 = {
						CreatedOnToolsVersion = 6.3;
					};
					2418FD271B26798500AD9741 = {
						CreatedOnToolsVersion = 6.3;
						TestTargetID = 2418FD0E1B26798500AD9741;
					};
				};
			};
			buildConfigurationList = 2418FD0A1B26798500AD9741 /* Build configuration list for PBXProject "6.9_UI_Class" */;
			compatibilityVersion = "Xcode 3.2";
			developmentRegion = English;
			hasScannedForEncodings = 0;
			knownRegions = (
				en,
				Base,
			);
			mainGroup = 2418FD061B26798500AD9741;
			productRefGroup = 2418FD101B26798500AD9741 /* Products */;
			projectDirPath = "";
			projectRoot = "";
			targets = (
				2418FD0E1B26798500AD9741 /* 6.9_UI_Class */,
				2418FD271B26798500AD9741 /* 6.9_UI_ClassTests */,
			);
		};
/* End PBXProject section */

/* Begin PBXResourcesBuildPhase section */
		2418FD0D1B26798500AD9741 /* Resources */ = {
			isa = PBXResourcesBuildPhase;
			buildActionMask = 2147483647;
			files = (
				246F5EB41B26F8E000A4D508 /* 0.jpg in Resources */,
				246F5EA81B26F78700A4D508 /* 4.jpg in Resources */,
				2418FD1E1B26798500AD9741 /* Main.storyboard in Resources */,
				2418FD231B26798500AD9741 /* LaunchScreen.xib in Resources */,
				246F5EA41B26F77F00A4D508 /* 3.jpg in Resources */,
				246F5EA01B26F77300A4D508 /* 2.jpg in Resources */,
				2418FD201B26798500AD9741 /* Images.xcassets in Resources */,
				246F5EA61B26F78300A4D508 /* 1.jpg in Resources */,
			);
			runOnlyForDeploymentPostprocessing = 0;
		};
		2418FD261B26798500AD9741 /* Resources */ = {
			isa = PBXResourcesBuildPhase;
			buildActionMask = 2147483647;
			files = (
			);
			runOnlyForDeploymentPostprocessing = 0;
		};
/* End PBXResourcesBuildPhase section */

/* Begin PBXSourcesBuildPhase section */
		2418FD0B1B26798500AD9741 /* Sources */ = {
			isa = PBXSourcesBuildPhase;
			buildActionMask = 2147483647;
			files = (
				2418FD1B1B26798500AD9741 /* ViewController.m in Sources */,
				2418FD181B26798500AD9741 /* AppDelegate.m in Sources */,
				2418FD151B26798500AD9741 /* main.m in Sources */,
				2418FD4C1B2691FF00AD9741 /* DetailViewController.m in Sources */,
			);
			runOnlyForDeploymentPostprocessing = 0;
		};
		2418FD241B26798500AD9741 /* Sources */ = {
			isa = PBXSourcesBuildPhase;
			buildActionMask = 2147483647;
			files = (
				2418FD2F1B26798500AD9741 /* __9_UI_ClassTests.m in Sources */,
			);
			runOnlyForDeploymentPostprocessing = 0;
		};
/* End PBXSourcesBuildPhase section */

/* Begin PBXTargetDependency section */
		2418FD2A1B26798500AD9741 /* PBXTargetDependency */ = {
			isa = PBXTargetDependency;
			target = 2418FD0E1B26798500AD9741 /* 6.9_UI_Class */;
			targetProxy = 2418FD291B26798500AD9741 /* PBXContainerItemProxy */;
		};
/* End PBXTargetDependency section */

/* Begin PBXVariantGroup section */
		2418FD1C1B26798500AD9741 /* Main.storyboard */ = {
			isa = PBXVariantGroup;
			children = (
				2418FD1D1B26798500AD9741 /* Base */,
			);
			name = Main.storyboard;
			sourceTree = "<group>";
		};
		2418FD211B26798500AD9741 /* LaunchScreen.xib */ = {
			isa = PBXVariantGroup;
			children = (
				2418FD221B26798500AD9741 /* Base */,
			);
			name = LaunchScreen.xib;
			sourceTree = "<group>";
		};
/* End PBXVariantGroup section */

/* Begin XCBuildConfiguration section */
		2418FD301B26798500AD9741 /* Debug */ = {
			isa = XCBuildConfiguration;
			buildSettings = {
				ALWAYS_SEARCH_USER_PATHS = NO;
				CLANG_CXX_LANGUAGE_STANDARD = "gnu++0x";
				CLANG_CXX_LIBRARY = "libc++";
				CLANG_ENABLE_MODULES = YES;
				CLANG_ENABLE_OBJC_ARC = YES;
				CLANG_WARN_BOOL_CONVERSION = YES;
				CLANG_WARN_CONSTANT_CONVERSION = YES;
				CLANG_WARN_DIRECT_OBJC_ISA_USAGE = YES_ERROR;
				CLANG_WARN_EMPTY_BODY = YES;
				CLANG_WARN_ENUM_CONVERSION = YES;
				CLANG_WARN_INT_CONVERSION = YES;
				CLANG_WARN_OBJC_ROOT_CLASS = YES_ERROR;
				CLANG_WARN_UNREACHABLE_CODE = YES;
				CLANG_WARN__DUPLICATE_METHOD_MATCH = YES;
				"CODE_SIGN_IDENTITY[sdk=iphoneos*]" = "iPhone Developer";
				COPY_PHASE_STRIP = NO;
				DEBUG_INFORMATION_FORMAT = "dwarf-with-dsym";
				ENABLE_STRICT_OBJC_MSGSEND = YES;
				GCC_C_LANGUAGE_STANDARD = gnu99;
				GCC_DYNAMIC_NO_PIC = NO;
				GCC_NO_COMMON_BLOCKS = YES;
				GCC_OPTIMIZATION_LEVEL = 0;
				GCC_PREPROCESSOR_DEFINITIONS = (
					"DEBUG=1",
					"$(inherited)",
				);
				GCC_SYMBOLS_PRIVATE_EXTERN = NO;
				GCC_WARN_64_TO_32_BIT_CONVERSION = YES;
				GCC_WARN_ABOUT_RETURN_TYPE = YES_ERROR;
				GCC_WARN_UNDECLARED_SELECTOR = YES;
				GCC_WARN_UNINITIALIZED_AUTOS = YES_AGGRESSIVE;
				GCC_WARN_UNUSED_FUNCTION = YES;
				GCC_WARN_UNUSED_VARIABLE = YES;
				IPHONEOS_DEPLOYMENT_TARGET = 8.3;
				MTL_ENABLE_DEBUG_INFO = YES;
				ONLY_ACTIVE_ARCH = YES;
				SDKROOT = iphoneos;
				TARGETED_DEVICE_FAMILY = "1,2";
			};
			name = Debug;
		};
		2418FD311B26798500AD9741 /* Release */ = {
			isa = XCBuildConfiguration;
			buildSettings = {
				ALWAYS_SEARCH_USER_PATHS = NO;
				CLANG_CXX_LANGUAGE_STANDARD = "gnu++0x";
				CLANG_CXX_LIBRARY = "libc++";
				CLANG_ENABLE_MODULES = YES;
				CLANG_ENABLE_OBJC_ARC = YES;
				CLANG_WARN_BOOL_CONVERSION = YES;
				CLANG_WARN_CONSTANT_CONVERSION = YES;
				CLANG_WARN_DIRECT_OBJC_ISA_USAGE = YES_ERROR;
				CLANG_WARN_EMPTY_BODY = YES;
				CLANG_WARN_ENUM_CONVERSION = YES;
				CLANG_WARN_INT_CONVERSION = YES;
				CLANG_WARN_OBJC_ROOT_CLASS = YES_ERROR;
				CLANG_WARN_UNREACHABLE_CODE = YES;
				CLANG_WARN__DUPLICATE_METHOD_MATCH = YES;
				"CODE_SIGN_IDENTITY[sdk=iphoneos*]" = "iPhone Developer";
				COPY_PHASE_STRIP = NO;
				DEBUG_INFORMATION_FORMAT = "dwarf-with-dsym";
				ENABLE_NS_ASSERTIONS = NO;
				ENABLE_STRICT_OBJC_MSGSEND = YES;
				GCC_C_LANGUAGE_STANDARD = gnu99;
				GCC_NO_COMMON_BLOCKS = YES;
				GCC_WARN_64_TO_32_BIT_CONVERSION = YES;
				GCC_WARN_ABOUT_RETURN_TYPE = YES_ERROR;
				GCC_WARN_UNDECLARED_SELECTOR = YES;
				GCC_WARN_UNINITIALIZED_AUTOS = YES_AGGRESSIVE;
				GCC_WARN_UNUSED_FUNCTION = YES;
				GCC_WARN_UNUSED_VARIABLE = YES;
				IPHONEOS_DEPLOYMENT_TARGET = 8.3;
				MTL_ENABLE_DEBUG_INFO = NO;
				SDKROOT = iphoneos;
				TARGETED_DEVICE_FAMILY = "1,2";
				VALIDATE_PRODUCT = YES;
			};
			name = Release;
		};
		2418FD331B26798500AD9741 /* Debug */ = {
			isa = XCBuildConfiguration;
			buildSettings = {
				ASSETCATALOG_COMPILER_APPICON_NAME = AppIcon;
				INFOPLIST_FILE = 6.9_UI_Class/Info.plist;
				LD_RUNPATH_SEARCH_PATHS = "$(inherited) @executable_path/Frameworks";
				PRODUCT_NAME = "$(TARGET_NAME)";
			};
			name = Debug;
		};
		2418FD341B26798500AD9741 /* Release */ = {
			isa = XCBuildConfiguration;
			buildSettings = {
				ASSETCATALOG_COMPILER_APPICON_NAME = AppIcon;
				INFOPLIST_FILE = 6.9_UI_Class/Info.plist;
				LD_RUNPATH_SEARCH_PATHS = "$(inherited) @executable_path/Frameworks";
				PRODUCT_NAME = "$(TARGET_NAME)";
			};
			name = Release;
		};
		2418FD361B26798500AD9741 /* Debug */ = {
			isa = XCBuildConfiguration;
			buildSettings = {
				BUNDLE_LOADER = "$(TEST_HOST)";
				FRAMEWORK_SEARCH_PATHS = (
					"$(SDKROOT)/Developer/Library/Frameworks",
					"$(inherited)",
				);
				GCC_PREPROCESSOR_DEFINITIONS = (
					"DEBUG=1",
					"$(inherited)",
				);
				INFOPLIST_FILE = 6.9_UI_ClassTests/Info.plist;
				LD_RUNPATH_SEARCH_PATHS = "$(inherited) @executable_path/Frameworks @loader_path/Frameworks";
				PRODUCT_NAME = "$(TARGET_NAME)";
				TEST_HOST = "$(BUILT_PRODUCTS_DIR)/6.9_UI_Class.app/6.9_UI_Class";
			};
			name = Debug;
		};
		2418FD371B26798500AD9741 /* Release */ = {
			isa = XCBuildConfiguration;
			buildSettings = {
				BUNDLE_LOADER = "$(TEST_HOST)";
				FRAMEWORK_SEARCH_PATHS = (
					"$(SDKROOT)/Developer/Library/Frameworks",
					"$(inherited)",
				);
				INFOPLIST_FILE = 6.9_UI_ClassTests/Info.plist;
				LD_RUNPATH_SEARCH_PATHS = "$(inherited) @executable_path/Frameworks @loader_path/Frameworks";
				PRODUCT_NAME = "$(TARGET_NAME)";
				TEST_HOST = "$(BUILT_PRODUCTS_DIR)/6.9_UI_Class.app/6.9_UI_Class";
			};
			name = Release;
		};
/* End XCBuildConfiguration section */

/* Begin XCConfigurationList section */
		2418FD0A1B26798500AD9741 /* Build configuration list for PBXProject "6.9_UI_Class" */ = {
			isa = XCConfigurationList;
			buildConfigurations = (
				2418FD301B26798500AD9741 /* Debug */,
				2418FD311B26798500AD9741 /* Release */,
			);
			defaultConfigurationIsVisible = 0;
			defaultConfigurationName = Release;
		};
		2418FD321B26798500AD9741 /* Build configuration list for PBXNativeTarget "6.9_UI_Class" */ = {
			isa = XCConfigurationList;
			buildConfigurations = (
				2418FD331B26798500AD9741 /* Debug */,
				2418FD341B26798500AD9741 /* Release */,
			);
			defaultConfigurationIsVisible = 0;
			defaultConfigurationName = Release;
		};
		2418FD351B26798500AD9741 /* Build configuration list for PBXNativeTarget "6.9_UI_ClassTests" */ = {
			isa = XCConfigurationList;
			buildConfigurations = (
				2418FD361B26798500AD9741 /* Debug */,
				2418FD371B26798500AD9741 /* Release */,
			);
			defaultConfigurationIsVisible = 0;
			defaultConfigurationName = Release;
		};
/* End XCConfigurationList section */
	};
	rootObject = 2418FD071B26798500AD9741 /* Project object */;
}
